
Microsoft Visual Studio Solution File, Format Version 12.00
# Visual Studio Version 17
VisualStudioVersion = 17.6.33829.357
MinimumVisualStudioVersion = 10.0.40219.1
Project("{FAE04EC0-301F-11D3-BF4B-00C04F79EFBC}") = "Test", "Test\Test.csproj", "{35A2479E-E264-4A95-93A7-E5C68204A975}"
EndProject
Global
	GlobalSection(SolutionConfigurationPlatforms) = preSolution
		Debug|Any CPU = Debug|Any CPU
		Release|Any CPU = Release|Any CPU
	EndGlobalSection
	GlobalSection(ProjectConfigurationPlatforms) = postSolution
		{35A2479E-E264-4A95-93A7-E5C68204A975}.Debug|Any CPU.ActiveCfg = Debug|Any CPU
		{35A2479E-E264-4A95-93A7-E5C68204A975}.Debug|Any CPU.Build.0 = Debug|Any CPU
		{35A2479E-E264-4A95-93A7-E5C68204A975}.Release|Any CPU.ActiveCfg = Release|Any CPU
		{35A2479E-E264-4A95-93A7-E5C68204A975}.Release|Any CPU.Build.0 = Release|Any CPU
	EndGlobalSection
	GlobalSection(SolutionProperties) = preSolution
		HideSolutionNode = FALSE
	EndGlobalSection
	GlobalSection(ExtensibilityGlobals) = postSolution
		SolutionGuid = {A3D0B569-0E30-4739-98A5-A99C94420580}
	EndGlobalSection
EndGlobal
